
Microsoft Visual Studio Solution File, Format Version 12.00
# Visual Studio 14
VisualStudioVersion = 14.0.24720.0
MinimumVisualStudioVersion = 10.0.40219.1
Project("{FAE04EC0-301F-11D3-BF4B-00C04F79EFBC}") = "DataCloner.Core", "DataCloner\DataCloner.Core.csproj", "{3459DC7A-21BA-435C-882B-D84A333AEFD0}"
EndProject
Project("{FAE04EC0-301F-11D3-BF4B-00C04F79EFBC}") = "DataCloner.Core.Tests", "DataCloner.Tests\DataCloner.Core.Tests.csproj", "{01CFC02A-0A55-498B-870C-4B582CA23535}"
EndProject
Project("{FAE04EC0-301F-11D3-BF4B-00C04F79EFBC}") = "DataCloner.GUI", "DataCloner.GUI\DataCloner.GUI.csproj", "{76F2E773-EB67-4CD3-9D8C-669CF8101A36}"
EndProject
Project("{2150E333-8FDC-42A3-9474-1A3956D46DE8}") = "Solution Items", "Solution Items", "{91CC970B-F9A0-4F84-B207-B92F777DCE1A}"
EndProject
Project("{FAE04EC0-301F-11D3-BF4B-00C04F79EFBC}") = "DataCloner.Core.IntegrationTests", "DataCloner.IntegrationTests\DataCloner.Core.IntegrationTests.csproj", "{8FF9BDE6-49AE-4A72-9FA3-7965CE77706C}"
EndProject
Project("{FAE04EC0-301F-11D3-BF4B-00C04F79EFBC}") = "DataCloner.Uwp", "DataCloner.Uwp\DataCloner.Uwp.csproj", "{213602B1-D3A0-4975-A965-5DB282CCFA40}"
EndProject
Project("{D954291E-2A0B-460D-934E-DC6B0785DB48}") = "DataCloner.Infrastructure", "DataCloner.Infrastructure\DataCloner.Infrastructure.shproj", "{899BDAA1-FC69-45A9-B131-E0B199CC73A8}"
EndProject
Global
	GlobalSection(SharedMSBuildProjectFiles) = preSolution
		DataCloner.Infrastructure\DataCloner.Infrastructure.projitems*{899bdaa1-fc69-45a9-b131-e0b199cc73a8}*SharedItemsImports = 13
	EndGlobalSection
	GlobalSection(SolutionConfigurationPlatforms) = preSolution
		Debug|Any CPU = Debug|Any CPU
		Debug|ARM = Debug|ARM
		Debug|x64 = Debug|x64
		Debug|x86 = Debug|x86
		Release|Any CPU = Release|Any CPU
		Release|ARM = Release|ARM
		Release|x64 = Release|x64
		Release|x86 = Release|x86
	EndGlobalSection
	GlobalSection(ProjectConfigurationPlatforms) = postSolution
		{3459DC7A-21BA-435C-882B-D84A333AEFD0}.Debug|Any CPU.ActiveCfg = Debug|Any CPU
		{3459DC7A-21BA-435C-882B-D84A333AEFD0}.Debug|Any CPU.Build.0 = Debug|Any CPU
		{3459DC7A-21BA-435C-882B-D84A333AEFD0}.Debug|ARM.ActiveCfg = Debug|Any CPU
		{3459DC7A-21BA-435C-882B-D84A333AEFD0}.Debug|ARM.Build.0 = Debug|Any CPU
		{3459DC7A-21BA-435C-882B-D84A333AEFD0}.Debug|x64.ActiveCfg = Debug|Any CPU
		{3459DC7A-21BA-435C-882B-D84A333AEFD0}.Debug|x64.Build.0 = Debug|Any CPU
		{3459DC7A-21BA-435C-882B-D84A333AEFD0}.Debug|x86.ActiveCfg = Debug|Any CPU
		{3459DC7A-21BA-435C-882B-D84A333AEFD0}.Debug|x86.Build.0 = Debug|Any CPU
		{3459DC7A-21BA-435C-882B-D84A333AEFD0}.Release|Any CPU.ActiveCfg = Release|Any CPU
		{3459DC7A-21BA-435C-882B-D84A333AEFD0}.Release|Any CPU.Build.0 = Release|Any CPU
		{3459DC7A-21BA-435C-882B-D84A333AEFD0}.Release|ARM.ActiveCfg = Release|Any CPU
		{3459DC7A-21BA-435C-882B-D84A333AEFD0}.Release|ARM.Build.0 = Release|Any CPU
		{3459DC7A-21BA-435C-882B-D84A333AEFD0}.Release|x64.ActiveCfg = Release|Any CPU
		{3459DC7A-21BA-435C-882B-D84A333AEFD0}.Release|x64.Build.0 = Release|Any CPU
		{3459DC7A-21BA-435C-882B-D84A333AEFD0}.Release|x86.ActiveCfg = Release|Any CPU
		{3459DC7A-21BA-435C-882B-D84A333AEFD0}.Release|x86.Build.0 = Release|Any CPU
		{01CFC02A-0A55-498B-870C-4B582CA23535}.Debug|Any CPU.ActiveCfg = Debug|Any CPU
		{01CFC02A-0A55-498B-870C-4B582CA23535}.Debug|Any CPU.Build.0 = Debug|Any CPU
		{01CFC02A-0A55-498B-870C-4B582CA23535}.Debug|ARM.ActiveCfg = Debug|Any CPU
		{01CFC02A-0A55-498B-870C-4B582CA23535}.Debug|ARM.Build.0 = Debug|Any CPU
		{01CFC02A-0A55-498B-870C-4B582CA23535}.Debug|x64.ActiveCfg = Debug|Any CPU
		{01CFC02A-0A55-498B-870C-4B582CA23535}.Debug|x64.Build.0 = Debug|Any CPU
		{01CFC02A-0A55-498B-870C-4B582CA23535}.Debug|x86.ActiveCfg = Debug|Any CPU
		{01CFC02A-0A55-498B-870C-4B582CA23535}.Debug|x86.Build.0 = Debug|Any CPU
		{01CFC02A-0A55-498B-870C-4B582CA23535}.Release|Any CPU.ActiveCfg = Release|Any CPU
		{01CFC02A-0A55-498B-870C-4B582CA23535}.Release|Any CPU.Build.0 = Release|Any CPU
		{01CFC02A-0A55-498B-870C-4B582CA23535}.Release|ARM.ActiveCfg = Release|Any CPU
		{01CFC02A-0A55-498B-870C-4B582CA23535}.Release|ARM.Build.0 = Release|Any CPU
		{01CFC02A-0A55-498B-870C-4B582CA23535}.Release|x64.ActiveCfg = Release|Any CPU
		{01CFC02A-0A55-498B-870C-4B582CA23535}.Release|x64.Build.0 = Release|Any CPU
		{01CFC02A-0A55-498B-870C-4B582CA23535}.Release|x86.ActiveCfg = Release|Any CPU
		{01CFC02A-0A55-498B-870C-4B582CA23535}.Release|x86.Build.0 = Release|Any CPU
		{76F2E773-EB67-4CD3-9D8C-669CF8101A36}.Debug|Any CPU.ActiveCfg = Debug|Any CPU
		{76F2E773-EB67-4CD3-9D8C-669CF8101A36}.Debug|Any CPU.Build.0 = Debug|Any CPU
		{76F2E773-EB67-4CD3-9D8C-669CF8101A36}.Debug|ARM.ActiveCfg = Debug|Any CPU
		{76F2E773-EB67-4CD3-9D8C-669CF8101A36}.Debug|ARM.Build.0 = Debug|Any CPU
		{76F2E773-EB67-4CD3-9D8C-669CF8101A36}.Debug|x64.ActiveCfg = Debug|Any CPU
		{76F2E773-EB67-4CD3-9D8C-669CF8101A36}.Debug|x64.Build.0 = Debug|Any CPU
		{76F2E773-EB67-4CD3-9D8C-669CF8101A36}.Debug|x86.ActiveCfg = Debug|Any CPU
		{76F2E773-EB67-4CD3-9D8C-669CF8101A36}.Debug|x86.Build.0 = Debug|Any CPU
		{76F2E773-EB67-4CD3-9D8C-669CF8101A36}.Release|Any CPU.ActiveCfg = Release|Any CPU
		{76F2E773-EB67-4CD3-9D8C-669CF8101A36}.Release|Any CPU.Build.0 = Release|Any CPU
		{76F2E773-EB67-4CD3-9D8C-669CF8101A36}.Release|ARM.ActiveCfg = Release|Any CPU
		{76F2E773-EB67-4CD3-9D8C-669CF8101A36}.Release|ARM.Build.0 = Release|Any CPU
		{76F2E773-EB67-4CD3-9D8C-669CF8101A36}.Release|x64.ActiveCfg = Release|Any CPU
		{76F2E773-EB67-4CD3-9D8C-669CF8101A36}.Release|x64.Build.0 = Release|Any CPU
		{76F2E773-EB67-4CD3-9D8C-669CF8101A36}.Release|x86.ActiveCfg = Release|Any CPU
		{76F2E773-EB67-4CD3-9D8C-669CF8101A36}.Release|x86.Build.0 = Release|Any CPU
		{8FF9BDE6-49AE-4A72-9FA3-7965CE77706C}.Debug|Any CPU.ActiveCfg = Debug|Any CPU
		{8FF9BDE6-49AE-4A72-9FA3-7965CE77706C}.Debug|Any CPU.Build.0 = Debug|Any CPU
		{8FF9BDE6-49AE-4A72-9FA3-7965CE77706C}.Debug|ARM.ActiveCfg = Debug|Any CPU
		{8FF9BDE6-49AE-4A72-9FA3-7965CE77706C}.Debug|ARM.Build.0 = Debug|Any CPU
		{8FF9BDE6-49AE-4A72-9FA3-7965CE77706C}.Debug|x64.ActiveCfg = Debug|Any CPU
		{8FF9BDE6-49AE-4A72-9FA3-7965CE77706C}.Debug|x64.Build.0 = Debug|Any CPU
		{8FF9BDE6-49AE-4A72-9FA3-7965CE77706C}.Debug|x86.ActiveCfg = Debug|Any CPU
		{8FF9BDE6-49AE-4A72-9FA3-7965CE77706C}.Debug|x86.Build.0 = Debug|Any CPU
		{8FF9BDE6-49AE-4A72-9FA3-7965CE77706C}.Release|Any CPU.ActiveCfg = Release|Any CPU
		{8FF9BDE6-49AE-4A72-9FA3-7965CE77706C}.Release|Any CPU.Build.0 = Release|Any CPU
		{8FF9BDE6-49AE-4A72-9FA3-7965CE77706C}.Release|ARM.ActiveCfg = Release|Any CPU
		{8FF9BDE6-49AE-4A72-9FA3-7965CE77706C}.Release|ARM.Build.0 = Release|Any CPU
		{8FF9BDE6-49AE-4A72-9FA3-7965CE77706C}.Release|x64.ActiveCfg = Release|Any CPU
		{8FF9BDE6-49AE-4A72-9FA3-7965CE77706C}.Release|x64.Build.0 = Release|Any CPU
		{8FF9BDE6-49AE-4A72-9FA3-7965CE77706C}.Release|x86.ActiveCfg = Release|Any CPU
		{8FF9BDE6-49AE-4A72-9FA3-7965CE77706C}.Release|x86.Build.0 = Release|Any CPU
		{213602B1-D3A0-4975-A965-5DB282CCFA40}.Debug|Any CPU.ActiveCfg = Debug|x86
		{213602B1-D3A0-4975-A965-5DB282CCFA40}.Debug|ARM.ActiveCfg = Debug|ARM
		{213602B1-D3A0-4975-A965-5DB282CCFA40}.Debug|ARM.Build.0 = Debug|ARM
		{213602B1-D3A0-4975-A965-5DB282CCFA40}.Debug|ARM.Deploy.0 = Debug|ARM
		{213602B1-D3A0-4975-A965-5DB282CCFA40}.Debug|x64.ActiveCfg = Debug|x64
		{213602B1-D3A0-4975-A965-5DB282CCFA40}.Debug|x64.Build.0 = Debug|x64
		{213602B1-D3A0-4975-A965-5DB282CCFA40}.Debug|x64.Deploy.0 = Debug|x64
		{213602B1-D3A0-4975-A965-5DB282CCFA40}.Debug|x86.ActiveCfg = Debug|x86
		{213602B1-D3A0-4975-A965-5DB282CCFA40}.Debug|x86.Build.0 = Debug|x86
		{213602B1-D3A0-4975-A965-5DB282CCFA40}.Debug|x86.Deploy.0 = Debug|x86
		{213602B1-D3A0-4975-A965-5DB282CCFA40}.Release|Any CPU.ActiveCfg = Release|x86
		{213602B1-D3A0-4975-A965-5DB282CCFA40}.Release|ARM.ActiveCfg = Release|ARM
		{213602B1-D3A0-4975-A965-5DB282CCFA40}.Release|ARM.Build.0 = Release|ARM
		{213602B1-D3A0-4975-A965-5DB282CCFA40}.Release|ARM.Deploy.0 = Release|ARM
		{213602B1-D3A0-4975-A965-5DB282CCFA40}.Release|x64.ActiveCfg = Release|x64
		{213602B1-D3A0-4975-A965-5DB282CCFA40}.Release|x64.Build.0 = Release|x64
		{213602B1-D3A0-4975-A965-5DB282CCFA40}.Release|x64.Deploy.0 = Release|x64
		{213602B1-D3A0-4975-A965-5DB282CCFA40}.Release|x86.ActiveCfg = Release|x86
		{213602B1-D3A0-4975-A965-5DB282CCFA40}.Release|x86.Build.0 = Release|x86
		{213602B1-D3A0-4975-A965-5DB282CCFA40}.Release|x86.Deploy.0 = Release|x86
	EndGlobalSection
	GlobalSection(SolutionProperties) = preSolution
		HideSolutionNode = FALSE
	EndGlobalSection
EndGlobal
