
Microsoft Visual Studio Solution File, Format Version 12.00
# Visual Studio 2013
VisualStudioVersion = 12.0.21005.1
MinimumVisualStudioVersion = 10.0.40219.1
Project("{FAE04EC0-301F-11D3-BF4B-00C04F79EFBC}") = "DataCloner", "DataCloner\DataCloner.csproj", "{3459DC7A-21BA-435C-882B-D84A333AEFD0}"
EndProject
Project("{FAE04EC0-301F-11D3-BF4B-00C04F79EFBC}") = "MurmurHash", "murmurhash\MurmurHash\MurmurHash.csproj", "{5E240B61-4CCD-4C2A-A0F2-F545C5E9939C}"
EndProject
Project("{FAE04EC0-301F-11D3-BF4B-00C04F79EFBC}") = "DataCloner.Tests", "DataCloner.Tests\DataCloner.Tests.csproj", "{01CFC02A-0A55-498B-870C-4B582CA23535}"
EndProject
Project("{FAE04EC0-301F-11D3-BF4B-00C04F79EFBC}") = "DataCloner.GUI", "DataCloner.GUI\DataCloner.GUI.csproj", "{76F2E773-EB67-4CD3-9D8C-669CF8101A36}"
EndProject
Global
	GlobalSection(SolutionConfigurationPlatforms) = preSolution
		Debug|Any CPU = Debug|Any CPU
		Release|Any CPU = Release|Any CPU
	EndGlobalSection
	GlobalSection(ProjectConfigurationPlatforms) = postSolution
		{3459DC7A-21BA-435C-882B-D84A333AEFD0}.Debug|Any CPU.ActiveCfg = Debug|Any CPU
		{3459DC7A-21BA-435C-882B-D84A333AEFD0}.Debug|Any CPU.Build.0 = Debug|Any CPU
		{3459DC7A-21BA-435C-882B-D84A333AEFD0}.Release|Any CPU.ActiveCfg = Release|Any CPU
		{3459DC7A-21BA-435C-882B-D84A333AEFD0}.Release|Any CPU.Build.0 = Release|Any CPU
		{5E240B61-4CCD-4C2A-A0F2-F545C5E9939C}.Debug|Any CPU.ActiveCfg = Debug|Any CPU
		{5E240B61-4CCD-4C2A-A0F2-F545C5E9939C}.Debug|Any CPU.Build.0 = Debug|Any CPU
		{5E240B61-4CCD-4C2A-A0F2-F545C5E9939C}.Release|Any CPU.ActiveCfg = Release|Any CPU
		{5E240B61-4CCD-4C2A-A0F2-F545C5E9939C}.Release|Any CPU.Build.0 = Release|Any CPU
		{01CFC02A-0A55-498B-870C-4B582CA23535}.Debug|Any CPU.ActiveCfg = Debug|Any CPU
		{01CFC02A-0A55-498B-870C-4B582CA23535}.Debug|Any CPU.Build.0 = Debug|Any CPU
		{01CFC02A-0A55-498B-870C-4B582CA23535}.Release|Any CPU.ActiveCfg = Release|Any CPU
		{01CFC02A-0A55-498B-870C-4B582CA23535}.Release|Any CPU.Build.0 = Release|Any CPU
		{76F2E773-EB67-4CD3-9D8C-669CF8101A36}.Debug|Any CPU.ActiveCfg = Debug|Any CPU
		{76F2E773-EB67-4CD3-9D8C-669CF8101A36}.Debug|Any CPU.Build.0 = Debug|Any CPU
		{76F2E773-EB67-4CD3-9D8C-669CF8101A36}.Release|Any CPU.ActiveCfg = Release|Any CPU
		{76F2E773-EB67-4CD3-9D8C-669CF8101A36}.Release|Any CPU.Build.0 = Release|Any CPU
	EndGlobalSection
	GlobalSection(SolutionProperties) = preSolution
		HideSolutionNode = FALSE
	EndGlobalSection
	GlobalSection(Performance) = preSolution
		HasPerformanceSessions = true
	EndGlobalSection
EndGlobal
