
Microsoft Visual Studio Solution File, Format Version 12.00
# Visual Studio 14
VisualStudioVersion = 14.0.25420.1
MinimumVisualStudioVersion = 10.0.40219.1
Project("{2150E333-8FDC-42A3-9474-1A3956D46DE8}") = "src", "src", "{23802F9E-0E77-47C2-AB44-68C2DB72423E}"
EndProject
Project("{8BB2217D-0F2D-49D1-97BC-3654ED321F3B}") = "DataCloner.Core", "src\DataCloner.Core\DataCloner.Core.xproj", "{999A2CD7-A699-4B04-8639-039F2B3F531C}"
EndProject
Project("{2150E333-8FDC-42A3-9474-1A3956D46DE8}") = "doc", "doc", "{AB88DB2F-A137-45F5-B270-38B62E0CC6DD}"
EndProject
Project("{2150E333-8FDC-42A3-9474-1A3956D46DE8}") = "scripts", "scripts", "{6B8ED510-E915-48EE-BB15-F4B7ECC739BA}"
	ProjectSection(SolutionItems) = preProject
		..\..\..\Desktop\DataCloner\src\DatabasesScript\DataclonerTestDatabase.pdf = ..\..\..\Desktop\DataCloner\src\DatabasesScript\DataclonerTestDatabase.pdf
		..\..\..\Desktop\DataCloner\src\DatabasesScript\DataclonerTestDatabase_MySQL.sql = ..\..\..\Desktop\DataCloner\src\DatabasesScript\DataclonerTestDatabase_MySQL.sql
		..\..\..\Desktop\DataCloner\src\DatabasesScript\dropConstraints.sql = ..\..\..\Desktop\DataCloner\src\DatabasesScript\dropConstraints.sql
		..\..\..\Desktop\DataCloner\src\DatabasesScript\MySQL_Logs.sql = ..\..\..\Desktop\DataCloner\src\DatabasesScript\MySQL_Logs.sql
		..\..\..\Desktop\DataCloner\src\DatabasesScript\NorthWindDiagram.jpg = ..\..\..\Desktop\DataCloner\src\DatabasesScript\NorthWindDiagram.jpg
		..\..\..\Desktop\DataCloner\src\DatabasesScript\NORTHWND.7z = ..\..\..\Desktop\DataCloner\src\DatabasesScript\NORTHWND.7z
		..\..\..\Desktop\DataCloner\src\DatabasesScript\performanceTest.sql = ..\..\..\Desktop\DataCloner\src\DatabasesScript\performanceTest.sql
		..\..\..\Desktop\DataCloner\src\DatabasesScript\tests_localdb.sql = ..\..\..\Desktop\DataCloner\src\DatabasesScript\tests_localdb.sql
		..\..\..\Desktop\DataCloner\src\DatabasesScript\tests_MSSQL.sql = ..\..\..\Desktop\DataCloner\src\DatabasesScript\tests_MSSQL.sql
	EndProjectSection
EndProject
Project("{2150E333-8FDC-42A3-9474-1A3956D46DE8}") = "experiment", "experiment", "{5AA2B031-9EEE-4C0C-8893-A4D4FC818C20}"
EndProject
Project("{2150E333-8FDC-42A3-9474-1A3956D46DE8}") = "test", "test", "{B89EC251-E344-499A-BD3F-47523AAD5889}"
EndProject
Project("{8BB2217D-0F2D-49D1-97BC-3654ED321F3B}") = "DataCloner.Core.Debug", "test\DataCloner.Core.Debug\DataCloner.Core.Debug.xproj", "{369974FC-2301-4EFC-B9AB-35922206B806}"
EndProject
Project("{FAE04EC0-301F-11D3-BF4B-00C04F79EFBC}") = "TestTreeViewMenu", "experiment\TestTreeViewMenu\TestTreeViewMenu.csproj", "{1FAD3B9F-C269-4890-BA45-780BD013CBC5}"
EndProject
Project("{FAE04EC0-301F-11D3-BF4B-00C04F79EFBC}") = "DataCloner.Universal", "src\DataCloner.Universal\DataCloner.Universal.csproj", "{715A87A0-AC82-40F9-8B77-F18D69261FF9}"
EndProject
Project("{2150E333-8FDC-42A3-9474-1A3956D46DE8}") = "archive", "archive", "{8F7996EB-6387-463A-AD31-7CEB60B067FE}"
	ProjectSection(SolutionItems) = preProject
		doc\archive\FonctionnementFichierConfiguration.xml = doc\archive\FonctionnementFichierConfiguration.xml
	EndProjectSection
EndProject
Global
	GlobalSection(SolutionConfigurationPlatforms) = preSolution
		Debug|Any CPU = Debug|Any CPU
		Debug|ARM = Debug|ARM
		Debug|x64 = Debug|x64
		Debug|x86 = Debug|x86
		Release|Any CPU = Release|Any CPU
		Release|ARM = Release|ARM
		Release|x64 = Release|x64
		Release|x86 = Release|x86
	EndGlobalSection
	GlobalSection(ProjectConfigurationPlatforms) = postSolution
		{999A2CD7-A699-4B04-8639-039F2B3F531C}.Debug|Any CPU.ActiveCfg = Debug|Any CPU
		{999A2CD7-A699-4B04-8639-039F2B3F531C}.Debug|Any CPU.Build.0 = Debug|Any CPU
		{999A2CD7-A699-4B04-8639-039F2B3F531C}.Debug|ARM.ActiveCfg = Debug|Any CPU
		{999A2CD7-A699-4B04-8639-039F2B3F531C}.Debug|ARM.Build.0 = Debug|Any CPU
		{999A2CD7-A699-4B04-8639-039F2B3F531C}.Debug|x64.ActiveCfg = Debug|Any CPU
		{999A2CD7-A699-4B04-8639-039F2B3F531C}.Debug|x64.Build.0 = Debug|Any CPU
		{999A2CD7-A699-4B04-8639-039F2B3F531C}.Debug|x86.ActiveCfg = Debug|Any CPU
		{999A2CD7-A699-4B04-8639-039F2B3F531C}.Debug|x86.Build.0 = Debug|Any CPU
		{999A2CD7-A699-4B04-8639-039F2B3F531C}.Release|Any CPU.ActiveCfg = Release|Any CPU
		{999A2CD7-A699-4B04-8639-039F2B3F531C}.Release|Any CPU.Build.0 = Release|Any CPU
		{999A2CD7-A699-4B04-8639-039F2B3F531C}.Release|ARM.ActiveCfg = Release|Any CPU
		{999A2CD7-A699-4B04-8639-039F2B3F531C}.Release|ARM.Build.0 = Release|Any CPU
		{999A2CD7-A699-4B04-8639-039F2B3F531C}.Release|x64.ActiveCfg = Release|Any CPU
		{999A2CD7-A699-4B04-8639-039F2B3F531C}.Release|x64.Build.0 = Release|Any CPU
		{999A2CD7-A699-4B04-8639-039F2B3F531C}.Release|x86.ActiveCfg = Release|Any CPU
		{999A2CD7-A699-4B04-8639-039F2B3F531C}.Release|x86.Build.0 = Release|Any CPU
		{369974FC-2301-4EFC-B9AB-35922206B806}.Debug|Any CPU.ActiveCfg = Debug|Any CPU
		{369974FC-2301-4EFC-B9AB-35922206B806}.Debug|Any CPU.Build.0 = Debug|Any CPU
		{369974FC-2301-4EFC-B9AB-35922206B806}.Debug|ARM.ActiveCfg = Debug|Any CPU
		{369974FC-2301-4EFC-B9AB-35922206B806}.Debug|ARM.Build.0 = Debug|Any CPU
		{369974FC-2301-4EFC-B9AB-35922206B806}.Debug|x64.ActiveCfg = Debug|Any CPU
		{369974FC-2301-4EFC-B9AB-35922206B806}.Debug|x64.Build.0 = Debug|Any CPU
		{369974FC-2301-4EFC-B9AB-35922206B806}.Debug|x86.ActiveCfg = Debug|Any CPU
		{369974FC-2301-4EFC-B9AB-35922206B806}.Debug|x86.Build.0 = Debug|Any CPU
		{369974FC-2301-4EFC-B9AB-35922206B806}.Release|Any CPU.ActiveCfg = Release|Any CPU
		{369974FC-2301-4EFC-B9AB-35922206B806}.Release|Any CPU.Build.0 = Release|Any CPU
		{369974FC-2301-4EFC-B9AB-35922206B806}.Release|ARM.ActiveCfg = Release|Any CPU
		{369974FC-2301-4EFC-B9AB-35922206B806}.Release|ARM.Build.0 = Release|Any CPU
		{369974FC-2301-4EFC-B9AB-35922206B806}.Release|x64.ActiveCfg = Release|Any CPU
		{369974FC-2301-4EFC-B9AB-35922206B806}.Release|x64.Build.0 = Release|Any CPU
		{369974FC-2301-4EFC-B9AB-35922206B806}.Release|x86.ActiveCfg = Release|Any CPU
		{369974FC-2301-4EFC-B9AB-35922206B806}.Release|x86.Build.0 = Release|Any CPU
		{1FAD3B9F-C269-4890-BA45-780BD013CBC5}.Debug|Any CPU.ActiveCfg = Debug|x86
		{1FAD3B9F-C269-4890-BA45-780BD013CBC5}.Debug|ARM.ActiveCfg = Debug|ARM
		{1FAD3B9F-C269-4890-BA45-780BD013CBC5}.Debug|ARM.Build.0 = Debug|ARM
		{1FAD3B9F-C269-4890-BA45-780BD013CBC5}.Debug|ARM.Deploy.0 = Debug|ARM
		{1FAD3B9F-C269-4890-BA45-780BD013CBC5}.Debug|x64.ActiveCfg = Debug|x64
		{1FAD3B9F-C269-4890-BA45-780BD013CBC5}.Debug|x64.Build.0 = Debug|x64
		{1FAD3B9F-C269-4890-BA45-780BD013CBC5}.Debug|x64.Deploy.0 = Debug|x64
		{1FAD3B9F-C269-4890-BA45-780BD013CBC5}.Debug|x86.ActiveCfg = Debug|x86
		{1FAD3B9F-C269-4890-BA45-780BD013CBC5}.Debug|x86.Build.0 = Debug|x86
		{1FAD3B9F-C269-4890-BA45-780BD013CBC5}.Debug|x86.Deploy.0 = Debug|x86
		{1FAD3B9F-C269-4890-BA45-780BD013CBC5}.Release|Any CPU.ActiveCfg = Release|x86
		{1FAD3B9F-C269-4890-BA45-780BD013CBC5}.Release|ARM.ActiveCfg = Release|ARM
		{1FAD3B9F-C269-4890-BA45-780BD013CBC5}.Release|ARM.Build.0 = Release|ARM
		{1FAD3B9F-C269-4890-BA45-780BD013CBC5}.Release|ARM.Deploy.0 = Release|ARM
		{1FAD3B9F-C269-4890-BA45-780BD013CBC5}.Release|x64.ActiveCfg = Release|x64
		{1FAD3B9F-C269-4890-BA45-780BD013CBC5}.Release|x64.Build.0 = Release|x64
		{1FAD3B9F-C269-4890-BA45-780BD013CBC5}.Release|x64.Deploy.0 = Release|x64
		{1FAD3B9F-C269-4890-BA45-780BD013CBC5}.Release|x86.ActiveCfg = Release|x86
		{1FAD3B9F-C269-4890-BA45-780BD013CBC5}.Release|x86.Build.0 = Release|x86
		{1FAD3B9F-C269-4890-BA45-780BD013CBC5}.Release|x86.Deploy.0 = Release|x86
		{715A87A0-AC82-40F9-8B77-F18D69261FF9}.Debug|Any CPU.ActiveCfg = Debug|x86
		{715A87A0-AC82-40F9-8B77-F18D69261FF9}.Debug|ARM.ActiveCfg = Debug|ARM
		{715A87A0-AC82-40F9-8B77-F18D69261FF9}.Debug|ARM.Build.0 = Debug|ARM
		{715A87A0-AC82-40F9-8B77-F18D69261FF9}.Debug|ARM.Deploy.0 = Debug|ARM
		{715A87A0-AC82-40F9-8B77-F18D69261FF9}.Debug|x64.ActiveCfg = Debug|x64
		{715A87A0-AC82-40F9-8B77-F18D69261FF9}.Debug|x64.Build.0 = Debug|x64
		{715A87A0-AC82-40F9-8B77-F18D69261FF9}.Debug|x64.Deploy.0 = Debug|x64
		{715A87A0-AC82-40F9-8B77-F18D69261FF9}.Debug|x86.ActiveCfg = Debug|x86
		{715A87A0-AC82-40F9-8B77-F18D69261FF9}.Debug|x86.Build.0 = Debug|x86
		{715A87A0-AC82-40F9-8B77-F18D69261FF9}.Debug|x86.Deploy.0 = Debug|x86
		{715A87A0-AC82-40F9-8B77-F18D69261FF9}.Release|Any CPU.ActiveCfg = Release|x86
		{715A87A0-AC82-40F9-8B77-F18D69261FF9}.Release|ARM.ActiveCfg = Release|ARM
		{715A87A0-AC82-40F9-8B77-F18D69261FF9}.Release|ARM.Build.0 = Release|ARM
		{715A87A0-AC82-40F9-8B77-F18D69261FF9}.Release|ARM.Deploy.0 = Release|ARM
		{715A87A0-AC82-40F9-8B77-F18D69261FF9}.Release|x64.ActiveCfg = Release|x64
		{715A87A0-AC82-40F9-8B77-F18D69261FF9}.Release|x64.Build.0 = Release|x64
		{715A87A0-AC82-40F9-8B77-F18D69261FF9}.Release|x64.Deploy.0 = Release|x64
		{715A87A0-AC82-40F9-8B77-F18D69261FF9}.Release|x86.ActiveCfg = Release|x86
		{715A87A0-AC82-40F9-8B77-F18D69261FF9}.Release|x86.Build.0 = Release|x86
		{715A87A0-AC82-40F9-8B77-F18D69261FF9}.Release|x86.Deploy.0 = Release|x86
	EndGlobalSection
	GlobalSection(SolutionProperties) = preSolution
		HideSolutionNode = FALSE
	EndGlobalSection
	GlobalSection(NestedProjects) = preSolution
		{999A2CD7-A699-4B04-8639-039F2B3F531C} = {23802F9E-0E77-47C2-AB44-68C2DB72423E}
		{369974FC-2301-4EFC-B9AB-35922206B806} = {B89EC251-E344-499A-BD3F-47523AAD5889}
		{1FAD3B9F-C269-4890-BA45-780BD013CBC5} = {5AA2B031-9EEE-4C0C-8893-A4D4FC818C20}
		{715A87A0-AC82-40F9-8B77-F18D69261FF9} = {23802F9E-0E77-47C2-AB44-68C2DB72423E}
		{8F7996EB-6387-463A-AD31-7CEB60B067FE} = {AB88DB2F-A137-45F5-B270-38B62E0CC6DD}
	EndGlobalSection
EndGlobal
